
Microsoft Visual Studio Solution File, Format Version 12.00
# Visual Studio 15
VisualStudioVersion = 15.0.27703.2042
MinimumVisualStudioVersion = 10.0.40219.1
Project("{FAE04EC0-301F-11D3-BF4B-00C04F79EFBC}") = "Net_client", "Net_client\Net_client.csproj", "{E19A997E-680D-4785-B925-B0DA60A27DCC}"
EndProject
Global
	GlobalSection(SolutionConfigurationPlatforms) = preSolution
		Debug|Any CPU = Debug|Any CPU
		Release|Any CPU = Release|Any CPU
	EndGlobalSection
	GlobalSection(ProjectConfigurationPlatforms) = postSolution
		{E19A997E-680D-4785-B925-B0DA60A27DCC}.Debug|Any CPU.ActiveCfg = Debug|Any CPU
		{E19A997E-680D-4785-B925-B0DA60A27DCC}.Debug|Any CPU.Build.0 = Debug|Any CPU
		{E19A997E-680D-4785-B925-B0DA60A27DCC}.Release|Any CPU.ActiveCfg = Release|Any CPU
		{E19A997E-680D-4785-B925-B0DA60A27DCC}.Release|Any CPU.Build.0 = Release|Any CPU
	EndGlobalSection
	GlobalSection(SolutionProperties) = preSolution
		HideSolutionNode = FALSE
	EndGlobalSection
	GlobalSection(ExtensibilityGlobals) = postSolution
		SolutionGuid = {20A60108-47C0-42FA-9749-A46E8DBB0A87}
	EndGlobalSection
EndGlobal
